
Microsoft Visual Studio Solution File, Format Version 12.00
# Visual Studio Version 16
VisualStudioVersion = 25.0.1705.5
MinimumVisualStudioVersion = 10.0.40219.1
Project("{FAE04EC0-301F-11D3-BF4B-00C04F79EFBC}") = "Summer Assessment", "Summer Assessment\Summer Assessment.csproj", "{A99300AB-1367-410F-8414-AB9AC06E33F2}"
EndProject
Global
	GlobalSection(SolutionConfigurationPlatforms) = preSolution
		Debug|Any CPU = Debug|Any CPU
		Release|Any CPU = Release|Any CPU
	EndGlobalSection
	GlobalSection(ProjectConfigurationPlatforms) = postSolution
		{A99300AB-1367-410F-8414-AB9AC06E33F2}.Debug|Any CPU.ActiveCfg = Debug|Any CPU
		{A99300AB-1367-410F-8414-AB9AC06E33F2}.Debug|Any CPU.Build.0 = Debug|Any CPU
		{A99300AB-1367-410F-8414-AB9AC06E33F2}.Release|Any CPU.ActiveCfg = Release|Any CPU
		{A99300AB-1367-410F-8414-AB9AC06E33F2}.Release|Any CPU.Build.0 = Release|Any CPU
	EndGlobalSection
	GlobalSection(SolutionProperties) = preSolution
		HideSolutionNode = FALSE
	EndGlobalSection
	GlobalSection(ExtensibilityGlobals) = postSolution
		SolutionGuid = {4612D820-699E-479F-82CF-47E6C4F8FE3B}
	EndGlobalSection
EndGlobal
